
Microsoft Visual Studio Solution File, Format Version 12.00
# Visual Studio Version 16
VisualStudioVersion = 16.0.29911.84
MinimumVisualStudioVersion = 10.0.40219.1
Project("{FAE04EC0-301F-11D3-BF4B-00C04F79EFBC}") = "DepartmentsAndEmployees", "DepartmentsAndEmployees\DepartmentsAndEmployees.csproj", "{AC5EED9C-C934-4BEA-957D-0B2FDE432EB2}"
EndProject
Global
	GlobalSection(SolutionConfigurationPlatforms) = preSolution
		Debug|Any CPU = Debug|Any CPU
		Release|Any CPU = Release|Any CPU
	EndGlobalSection
	GlobalSection(ProjectConfigurationPlatforms) = postSolution
		{AC5EED9C-C934-4BEA-957D-0B2FDE432EB2}.Debug|Any CPU.ActiveCfg = Debug|Any CPU
		{AC5EED9C-C934-4BEA-957D-0B2FDE432EB2}.Debug|Any CPU.Build.0 = Debug|Any CPU
		{AC5EED9C-C934-4BEA-957D-0B2FDE432EB2}.Release|Any CPU.ActiveCfg = Release|Any CPU
		{AC5EED9C-C934-4BEA-957D-0B2FDE432EB2}.Release|Any CPU.Build.0 = Release|Any CPU
	EndGlobalSection
	GlobalSection(SolutionProperties) = preSolution
		HideSolutionNode = FALSE
	EndGlobalSection
	GlobalSection(ExtensibilityGlobals) = postSolution
		SolutionGuid = {92DD7026-9CE9-475F-91A6-50F19AEE7DC2}
	EndGlobalSection
EndGlobal
